{
  "requires": true,
  "lockfileVersion": 1,
  "dependencies": {
    "pluralize": {
      "version": "7.0.0",
      "resolved": "https://registry.npmjs.org/pluralize/-/pluralize-7.0.0.tgz",
      "integrity": "sha512-ARhBOdzS3e41FbkW/XWrTEtukqqLoK5+Z/4UeDaLuSW+39JPeFgs4gCGqsrJHVZX0fUrx//4OF0K1CUGwlIFow=="
    },
    "vue-pluralize": {
      "version": "0.0.2",
      "resolved": "https://registry.npmjs.org/vue-pluralize/-/vue-pluralize-0.0.2.tgz",
      "integrity": "sha512-NT4Uv/j40yO+yCLIij4nZl9csaXemTqNekYxk7mH+L4t2HZhiJxcg0tc/Q3X6gKv3iaY46Vhz/edDBuH2E6F6w==",
      "requires": {
        "pluralize": "^7.0.0"
      }
    }
  }
}
